
Microsoft Visual Studio Solution File, Format Version 11.00
# Visual Studio 2010
Project("{FAE04EC0-301F-11D3-BF4B-00C04F79EFBC}") = "Dupicatefiledector", "Dupicatefiledector\Dupicatefiledector.csproj", "{3FEC5AA8-9525-43E1-AA89-E3752D7D21F3}"
EndProject
Global
	GlobalSection(SolutionConfigurationPlatforms) = preSolution
		Debug|x86 = Debug|x86
		Release|x86 = Release|x86
	EndGlobalSection
	GlobalSection(ProjectConfigurationPlatforms) = postSolution
		{3FEC5AA8-9525-43E1-AA89-E3752D7D21F3}.Debug|x86.ActiveCfg = Debug|x86
		{3FEC5AA8-9525-43E1-AA89-E3752D7D21F3}.Debug|x86.Build.0 = Debug|x86
		{3FEC5AA8-9525-43E1-AA89-E3752D7D21F3}.Release|x86.ActiveCfg = Release|x86
		{3FEC5AA8-9525-43E1-AA89-E3752D7D21F3}.Release|x86.Build.0 = Release|x86
	EndGlobalSection
	GlobalSection(SolutionProperties) = preSolution
		HideSolutionNode = FALSE
	EndGlobalSection
EndGlobal
